
Microsoft Visual Studio Solution File, Format Version 12.00
# Visual Studio 15
VisualStudioVersion = 15.0.28307.902
MinimumVisualStudioVersion = 10.0.40219.1
Project("{FAE04EC0-301F-11D3-BF4B-00C04F79EFBC}") = "MyNotePad", "MyNotePad.csproj", "{AB5CAF94-FB50-4BDC-A974-25688521A1AE}"
EndProject
Global
	GlobalSection(SolutionConfigurationPlatforms) = preSolution
		Debug|Any CPU = Debug|Any CPU
		Release|Any CPU = Release|Any CPU
	EndGlobalSection
	GlobalSection(ProjectConfigurationPlatforms) = postSolution
		{AB5CAF94-FB50-4BDC-A974-25688521A1AE}.Debug|Any CPU.ActiveCfg = Debug|Any CPU
		{AB5CAF94-FB50-4BDC-A974-25688521A1AE}.Debug|Any CPU.Build.0 = Debug|Any CPU
		{AB5CAF94-FB50-4BDC-A974-25688521A1AE}.Release|Any CPU.ActiveCfg = Release|Any CPU
		{AB5CAF94-FB50-4BDC-A974-25688521A1AE}.Release|Any CPU.Build.0 = Release|Any CPU
	EndGlobalSection
	GlobalSection(SolutionProperties) = preSolution
		HideSolutionNode = FALSE
	EndGlobalSection
	GlobalSection(ExtensibilityGlobals) = postSolution
		SolutionGuid = {3A674CD2-D410-4617-83A7-E14F2B927833}
	EndGlobalSection
EndGlobal
